
Microsoft Visual Studio Solution File, Format Version 12.00
# Visual Studio Version 16
VisualStudioVersion = 16.0.31727.386
MinimumVisualStudioVersion = 10.0.40219.1
Project("{FAE04EC0-301F-11D3-BF4B-00C04F79EFBC}") = "projetSecuriteFinale", "projetSecuriteFinale\projetSecuriteFinale.csproj", "{731CD642-AED8-475E-87B2-E6E5F879553D}"
EndProject
Global
	GlobalSection(SolutionConfigurationPlatforms) = preSolution
		Debug|Any CPU = Debug|Any CPU
		Release|Any CPU = Release|Any CPU
	EndGlobalSection
	GlobalSection(ProjectConfigurationPlatforms) = postSolution
		{731CD642-AED8-475E-87B2-E6E5F879553D}.Debug|Any CPU.ActiveCfg = Debug|Any CPU
		{731CD642-AED8-475E-87B2-E6E5F879553D}.Debug|Any CPU.Build.0 = Debug|Any CPU
		{731CD642-AED8-475E-87B2-E6E5F879553D}.Release|Any CPU.ActiveCfg = Release|Any CPU
		{731CD642-AED8-475E-87B2-E6E5F879553D}.Release|Any CPU.Build.0 = Release|Any CPU
	EndGlobalSection
	GlobalSection(SolutionProperties) = preSolution
		HideSolutionNode = FALSE
	EndGlobalSection
	GlobalSection(ExtensibilityGlobals) = postSolution
		SolutionGuid = {4BE2A249-1D56-4003-BB5F-5CC464FDFA75}
	EndGlobalSection
EndGlobal
